
Microsoft Visual Studio Solution File, Format Version 12.00
# Visual Studio Version 17
VisualStudioVersion = 17.6.33829.357
MinimumVisualStudioVersion = 10.0.40219.1
Project("{FAE04EC0-301F-11D3-BF4B-00C04F79EFBC}") = "StudentRegistrationForm", "StudentRegistrationForm\StudentRegistrationForm.csproj", "{21F04AA5-F662-48B6-B283-979ECD5CFF6E}"
EndProject
Global
	GlobalSection(SolutionConfigurationPlatforms) = preSolution
		Debug|Any CPU = Debug|Any CPU
		Release|Any CPU = Release|Any CPU
	EndGlobalSection
	GlobalSection(ProjectConfigurationPlatforms) = postSolution
		{21F04AA5-F662-48B6-B283-979ECD5CFF6E}.Debug|Any CPU.ActiveCfg = Debug|Any CPU
		{21F04AA5-F662-48B6-B283-979ECD5CFF6E}.Debug|Any CPU.Build.0 = Debug|Any CPU
		{21F04AA5-F662-48B6-B283-979ECD5CFF6E}.Release|Any CPU.ActiveCfg = Release|Any CPU
		{21F04AA5-F662-48B6-B283-979ECD5CFF6E}.Release|Any CPU.Build.0 = Release|Any CPU
	EndGlobalSection
	GlobalSection(SolutionProperties) = preSolution
		HideSolutionNode = FALSE
	EndGlobalSection
	GlobalSection(ExtensibilityGlobals) = postSolution
		SolutionGuid = {F8B88F90-567D-4580-9901-994B5F91CA77}
	EndGlobalSection
EndGlobal
